
Microsoft Visual Studio Solution File, Format Version 12.00
# Visual Studio Version 17
VisualStudioVersion = 17.0.32014.148
MinimumVisualStudioVersion = 10.0.40219.1
Project("{9A19103F-16F7-4668-BE54-9A1E7A4F7556}") = "OBilet.Web", "OBilet.Web\OBilet.Web.csproj", "{79ACF844-D663-4512-BC11-F9B34DFD789C}"
EndProject
Project("{FAE04EC0-301F-11D3-BF4B-00C04F79EFBC}") = "OBilet.Core", "OBilet.Core\OBilet.Core.csproj", "{D5928AAC-1D93-41A6-B5D3-DB0D7A3F204E}"
EndProject
Project("{FAE04EC0-301F-11D3-BF4B-00C04F79EFBC}") = "OBilet", "OBilet\OBilet.csproj", "{6DF0CF72-AB67-4E30-AE2F-22C73B64CED1}"
EndProject
Global
	GlobalSection(SolutionConfigurationPlatforms) = preSolution
		Debug|Any CPU = Debug|Any CPU
		Release|Any CPU = Release|Any CPU
	EndGlobalSection
	GlobalSection(ProjectConfigurationPlatforms) = postSolution
		{79ACF844-D663-4512-BC11-F9B34DFD789C}.Debug|Any CPU.ActiveCfg = Debug|Any CPU
		{79ACF844-D663-4512-BC11-F9B34DFD789C}.Debug|Any CPU.Build.0 = Debug|Any CPU
		{79ACF844-D663-4512-BC11-F9B34DFD789C}.Release|Any CPU.ActiveCfg = Release|Any CPU
		{79ACF844-D663-4512-BC11-F9B34DFD789C}.Release|Any CPU.Build.0 = Release|Any CPU
		{D5928AAC-1D93-41A6-B5D3-DB0D7A3F204E}.Debug|Any CPU.ActiveCfg = Debug|Any CPU
		{D5928AAC-1D93-41A6-B5D3-DB0D7A3F204E}.Debug|Any CPU.Build.0 = Debug|Any CPU
		{D5928AAC-1D93-41A6-B5D3-DB0D7A3F204E}.Release|Any CPU.ActiveCfg = Release|Any CPU
		{D5928AAC-1D93-41A6-B5D3-DB0D7A3F204E}.Release|Any CPU.Build.0 = Release|Any CPU
		{6DF0CF72-AB67-4E30-AE2F-22C73B64CED1}.Debug|Any CPU.ActiveCfg = Debug|Any CPU
		{6DF0CF72-AB67-4E30-AE2F-22C73B64CED1}.Debug|Any CPU.Build.0 = Debug|Any CPU
		{6DF0CF72-AB67-4E30-AE2F-22C73B64CED1}.Release|Any CPU.ActiveCfg = Release|Any CPU
		{6DF0CF72-AB67-4E30-AE2F-22C73B64CED1}.Release|Any CPU.Build.0 = Release|Any CPU
	EndGlobalSection
	GlobalSection(SolutionProperties) = preSolution
		HideSolutionNode = FALSE
	EndGlobalSection
	GlobalSection(ExtensibilityGlobals) = postSolution
		SolutionGuid = {AC149D8A-F8F9-47ED-85F5-6DB6EEDE1376}
	EndGlobalSection
EndGlobal
